
Microsoft Visual Studio Solution File, Format Version 12.00
# Visual Studio Version 17
VisualStudioVersion = 17.4.33122.133
MinimumVisualStudioVersion = 10.0.40219.1
Project("{FAE04EC0-301F-11D3-BF4B-00C04F79EFBC}") = "Do_An_Bai_3_Hashtable", "Do_An_Bai_3_Hashtable\Do_An_Bai_3_Hashtable.csproj", "{4000D489-6600-4DDF-B35D-972034EEA3B2}"
EndProject
Global
	GlobalSection(SolutionConfigurationPlatforms) = preSolution
		Debug|Any CPU = Debug|Any CPU
		Release|Any CPU = Release|Any CPU
	EndGlobalSection
	GlobalSection(ProjectConfigurationPlatforms) = postSolution
		{4000D489-6600-4DDF-B35D-972034EEA3B2}.Debug|Any CPU.ActiveCfg = Debug|Any CPU
		{4000D489-6600-4DDF-B35D-972034EEA3B2}.Debug|Any CPU.Build.0 = Debug|Any CPU
		{4000D489-6600-4DDF-B35D-972034EEA3B2}.Release|Any CPU.ActiveCfg = Release|Any CPU
		{4000D489-6600-4DDF-B35D-972034EEA3B2}.Release|Any CPU.Build.0 = Release|Any CPU
	EndGlobalSection
	GlobalSection(SolutionProperties) = preSolution
		HideSolutionNode = FALSE
	EndGlobalSection
	GlobalSection(ExtensibilityGlobals) = postSolution
		SolutionGuid = {E7E88B03-3647-4EB2-BD99-B6047E1A9BF7}
	EndGlobalSection
EndGlobal
