
Microsoft Visual Studio Solution File, Format Version 12.00
# Visual Studio Version 17
VisualStudioVersion = 17.4.33122.133
MinimumVisualStudioVersion = 10.0.40219.1
Project("{FAE04EC0-301F-11D3-BF4B-00C04F79EFBC}") = "Do_An_Bai_2_Stack", "Do_An_Bai_2_Stack\Do_An_Bai_2_Stack.csproj", "{61C78FCC-52CE-437E-81B4-5FFEA33D13B9}"
EndProject
Global
	GlobalSection(SolutionConfigurationPlatforms) = preSolution
		Debug|Any CPU = Debug|Any CPU
		Release|Any CPU = Release|Any CPU
	EndGlobalSection
	GlobalSection(ProjectConfigurationPlatforms) = postSolution
		{61C78FCC-52CE-437E-81B4-5FFEA33D13B9}.Debug|Any CPU.ActiveCfg = Debug|Any CPU
		{61C78FCC-52CE-437E-81B4-5FFEA33D13B9}.Debug|Any CPU.Build.0 = Debug|Any CPU
		{61C78FCC-52CE-437E-81B4-5FFEA33D13B9}.Release|Any CPU.ActiveCfg = Release|Any CPU
		{61C78FCC-52CE-437E-81B4-5FFEA33D13B9}.Release|Any CPU.Build.0 = Release|Any CPU
	EndGlobalSection
	GlobalSection(SolutionProperties) = preSolution
		HideSolutionNode = FALSE
	EndGlobalSection
	GlobalSection(ExtensibilityGlobals) = postSolution
		SolutionGuid = {EF239593-1ACD-498A-A446-0541539AAD33}
	EndGlobalSection
EndGlobal
